
Microsoft Visual Studio Solution File, Format Version 12.00
# Visual Studio Version 17
VisualStudioVersion = 17.11.35303.130
MinimumVisualStudioVersion = 10.0.40219.1
Project("{2150E333-8FDC-42A3-9474-1A3956D46DE8}") = "ApiConsume", "ApiConsume", "{292B7D16-9E34-492A-BEB7-B00A75C5E59B}"
EndProject
Project("{2150E333-8FDC-42A3-9474-1A3956D46DE8}") = "FrontEnd", "FrontEnd", "{23540BFC-5C15-4A32-AD95-91E767327CCB}"
EndProject
Project("{9A19103F-16F7-4668-BE54-9A1E7A4F7556}") = "Hotelier.WebApi", "ApiConsume\Hotelier.WebApi\Hotelier.WebApi.csproj", "{410EBB38-B6C2-431D-B8BB-3FAE3B41424F}"
EndProject
Project("{9A19103F-16F7-4668-BE54-9A1E7A4F7556}") = "Hotelier.WebUI", "FrontEnd\Hotelier.WebUI\Hotelier.WebUI.csproj", "{FBF978E0-1F48-4AE1-B40D-57915054576B}"
EndProject
Project("{9A19103F-16F7-4668-BE54-9A1E7A4F7556}") = "Hotelier.EntityLayer", "ApiConsume\Hotelier.EntityLayer\Hotelier.EntityLayer.csproj", "{76220C91-83D7-43A0-B97A-DBCF2FABCB56}"
EndProject
Project("{9A19103F-16F7-4668-BE54-9A1E7A4F7556}") = "Hotelier.DataAccessLayer", "ApiConsume\Hotelier.DataAccessLayer\Hotelier.DataAccessLayer.csproj", "{1ADDD371-216E-4444-B8FA-8312C3D805B2}"
EndProject
Project("{9A19103F-16F7-4668-BE54-9A1E7A4F7556}") = "Hotelier.BusinessLayer", "ApiConsume\Hotelier.BusinessLayer\Hotelier.BusinessLayer.csproj", "{D5A2F7EA-B1FD-4111-BFE4-1C8DBA66EE57}"
EndProject
Project("{9A19103F-16F7-4668-BE54-9A1E7A4F7556}") = "Hotelier.DTOLayer", "ApiConsume\Hotelier.DTOLayer\Hotelier.DTOLayer.csproj", "{B99B4AFF-2367-4912-9678-E94C36CFF950}"
EndProject
Global
	GlobalSection(SolutionConfigurationPlatforms) = preSolution
		Debug|Any CPU = Debug|Any CPU
		Release|Any CPU = Release|Any CPU
	EndGlobalSection
	GlobalSection(ProjectConfigurationPlatforms) = postSolution
		{410EBB38-B6C2-431D-B8BB-3FAE3B41424F}.Debug|Any CPU.ActiveCfg = Debug|Any CPU
		{410EBB38-B6C2-431D-B8BB-3FAE3B41424F}.Debug|Any CPU.Build.0 = Debug|Any CPU
		{410EBB38-B6C2-431D-B8BB-3FAE3B41424F}.Release|Any CPU.ActiveCfg = Release|Any CPU
		{410EBB38-B6C2-431D-B8BB-3FAE3B41424F}.Release|Any CPU.Build.0 = Release|Any CPU
		{FBF978E0-1F48-4AE1-B40D-57915054576B}.Debug|Any CPU.ActiveCfg = Debug|Any CPU
		{FBF978E0-1F48-4AE1-B40D-57915054576B}.Debug|Any CPU.Build.0 = Debug|Any CPU
		{FBF978E0-1F48-4AE1-B40D-57915054576B}.Release|Any CPU.ActiveCfg = Release|Any CPU
		{FBF978E0-1F48-4AE1-B40D-57915054576B}.Release|Any CPU.Build.0 = Release|Any CPU
		{76220C91-83D7-43A0-B97A-DBCF2FABCB56}.Debug|Any CPU.ActiveCfg = Debug|Any CPU
		{76220C91-83D7-43A0-B97A-DBCF2FABCB56}.Debug|Any CPU.Build.0 = Debug|Any CPU
		{76220C91-83D7-43A0-B97A-DBCF2FABCB56}.Release|Any CPU.ActiveCfg = Release|Any CPU
		{76220C91-83D7-43A0-B97A-DBCF2FABCB56}.Release|Any CPU.Build.0 = Release|Any CPU
		{1ADDD371-216E-4444-B8FA-8312C3D805B2}.Debug|Any CPU.ActiveCfg = Debug|Any CPU
		{1ADDD371-216E-4444-B8FA-8312C3D805B2}.Debug|Any CPU.Build.0 = Debug|Any CPU
		{1ADDD371-216E-4444-B8FA-8312C3D805B2}.Release|Any CPU.ActiveCfg = Release|Any CPU
		{1ADDD371-216E-4444-B8FA-8312C3D805B2}.Release|Any CPU.Build.0 = Release|Any CPU
		{D5A2F7EA-B1FD-4111-BFE4-1C8DBA66EE57}.Debug|Any CPU.ActiveCfg = Debug|Any CPU
		{D5A2F7EA-B1FD-4111-BFE4-1C8DBA66EE57}.Debug|Any CPU.Build.0 = Debug|Any CPU
		{D5A2F7EA-B1FD-4111-BFE4-1C8DBA66EE57}.Release|Any CPU.ActiveCfg = Release|Any CPU
		{D5A2F7EA-B1FD-4111-BFE4-1C8DBA66EE57}.Release|Any CPU.Build.0 = Release|Any CPU
		{B99B4AFF-2367-4912-9678-E94C36CFF950}.Debug|Any CPU.ActiveCfg = Debug|Any CPU
		{B99B4AFF-2367-4912-9678-E94C36CFF950}.Debug|Any CPU.Build.0 = Debug|Any CPU
		{B99B4AFF-2367-4912-9678-E94C36CFF950}.Release|Any CPU.ActiveCfg = Release|Any CPU
		{B99B4AFF-2367-4912-9678-E94C36CFF950}.Release|Any CPU.Build.0 = Release|Any CPU
	EndGlobalSection
	GlobalSection(SolutionProperties) = preSolution
		HideSolutionNode = FALSE
	EndGlobalSection
	GlobalSection(NestedProjects) = preSolution
		{410EBB38-B6C2-431D-B8BB-3FAE3B41424F} = {292B7D16-9E34-492A-BEB7-B00A75C5E59B}
		{FBF978E0-1F48-4AE1-B40D-57915054576B} = {23540BFC-5C15-4A32-AD95-91E767327CCB}
		{76220C91-83D7-43A0-B97A-DBCF2FABCB56} = {292B7D16-9E34-492A-BEB7-B00A75C5E59B}
		{1ADDD371-216E-4444-B8FA-8312C3D805B2} = {292B7D16-9E34-492A-BEB7-B00A75C5E59B}
		{D5A2F7EA-B1FD-4111-BFE4-1C8DBA66EE57} = {292B7D16-9E34-492A-BEB7-B00A75C5E59B}
		{B99B4AFF-2367-4912-9678-E94C36CFF950} = {292B7D16-9E34-492A-BEB7-B00A75C5E59B}
	EndGlobalSection
	GlobalSection(ExtensibilityGlobals) = postSolution
		SolutionGuid = {FD5A73E1-FA39-48D4-8A4D-C730ECC9A985}
	EndGlobalSection
EndGlobal
